
Microsoft Visual Studio Solution File, Format Version 12.00
# Visual Studio Version 17
VisualStudioVersion = 17.0.31903.59
MinimumVisualStudioVersion = 10.0.40219.1
Project("{FAE04EC0-301F-11D3-BF4B-00C04F79EFBC}") = "Uloha01", "Uloha01\Uloha01.csproj", "{DCC288FA-43B7-4FA9-B1C4-CF53722ED157}"
EndProject
Project("{FAE04EC0-301F-11D3-BF4B-00C04F79EFBC}") = "Uloha02", "Uloha02\Uloha02.csproj", "{DBCE56F3-BEE5-45C3-8D62-937145151C13}"
EndProject
Project("{FAE04EC0-301F-11D3-BF4B-00C04F79EFBC}") = "Uloha03", "Uloha03\Uloha03.csproj", "{858522A3-CC59-4FA5-A832-F6DD943687CA}"
EndProject
Project("{FAE04EC0-301F-11D3-BF4B-00C04F79EFBC}") = "Uloha04", "Uloha04\Uloha04.csproj", "{ACE8B9B2-BFD3-4DA1-8AD0-008CC8CC8FEF}"
EndProject
Project("{FAE04EC0-301F-11D3-BF4B-00C04F79EFBC}") = "Uloha05", "Uloha05\Uloha05.csproj", "{8556D620-707D-49BE-A903-A8569FD2620B}"
EndProject
Project("{FAE04EC0-301F-11D3-BF4B-00C04F79EFBC}") = "Uloha06", "Uloha06\Uloha06.csproj", "{40F51057-340C-4678-BB70-CFFCDD9A5043}"
EndProject
Project("{FAE04EC0-301F-11D3-BF4B-00C04F79EFBC}") = "Uloha07", "Uloha07\Uloha07.csproj", "{5E40E881-6E29-4EFF-A634-C64C5012EF1C}"
EndProject
Project("{FAE04EC0-301F-11D3-BF4B-00C04F79EFBC}") = "Uloha08", "Uloha08\Uloha08.csproj", "{F3AE73AF-16A5-436D-82C3-72F1770B0E7D}"
EndProject
Project("{FAE04EC0-301F-11D3-BF4B-00C04F79EFBC}") = "Uloha09", "Uloha09\Uloha09.csproj", "{5DD54393-4D63-4CBF-9844-353F9EC064AC}"
EndProject
Project("{FAE04EC0-301F-11D3-BF4B-00C04F79EFBC}") = "Uloha10", "Uloha10\Uloha10.csproj", "{FB2FAA10-14DA-4960-AFCF-39E5406E4157}"
EndProject
Project("{FAE04EC0-301F-11D3-BF4B-00C04F79EFBC}") = "Uloha11", "Uloha11\Uloha11.csproj", "{0D45B065-1C63-4251-9A1E-54ED577A084B}"
EndProject
Project("{FAE04EC0-301F-11D3-BF4B-00C04F79EFBC}") = "Uloha12", "Uloha12\Uloha12.csproj", "{24F7AACF-E855-4980-A6BB-A54AD4E090CE}"
EndProject
Project("{FAE04EC0-301F-11D3-BF4B-00C04F79EFBC}") = "Uloha13", "Uloha13\Uloha13.csproj", "{40ACEF9D-FE40-46C3-8842-1E35FA3668A2}"
EndProject
Project("{FAE04EC0-301F-11D3-BF4B-00C04F79EFBC}") = "Uloha14", "Uloha14\Uloha14.csproj", "{AF2D83A2-6587-4657-808E-DFDD0BEA0944}"
EndProject
Project("{FAE04EC0-301F-11D3-BF4B-00C04F79EFBC}") = "Uloha15", "Uloha15\Uloha15.csproj", "{EEE3A9E6-9FFE-46C3-9097-59E402D65DB0}"
EndProject
Project("{FAE04EC0-301F-11D3-BF4B-00C04F79EFBC}") = "Uloha16", "Uloha16\Uloha16.csproj", "{D90EA731-85E9-4EFF-BD60-3C1C60CBAD70}"
EndProject
Project("{FAE04EC0-301F-11D3-BF4B-00C04F79EFBC}") = "Uloha17", "Uloha17\Uloha17.csproj", "{3C3CD06F-3EB7-427E-BF22-1C64DF3C5D7A}"
EndProject
Project("{FAE04EC0-301F-11D3-BF4B-00C04F79EFBC}") = "Uloha18", "Uloha18\Uloha18.csproj", "{7E9B4369-5967-4B0C-BA2D-3BBBCC2599E7}"
EndProject
Project("{FAE04EC0-301F-11D3-BF4B-00C04F79EFBC}") = "Uloha19", "Uloha19\Uloha19.csproj", "{CCB63140-EF6D-454A-8FA8-1EDDB37C0441}"
EndProject
Project("{FAE04EC0-301F-11D3-BF4B-00C04F79EFBC}") = "Uloha20", "Uloha20\Uloha20.csproj", "{596A19B8-745E-4BAC-95B1-A1F4179D3E36}"
EndProject
Project("{FAE04EC0-301F-11D3-BF4B-00C04F79EFBC}") = "Uloha21", "Uloha21\Uloha21.csproj", "{EFBF0E0C-96FA-4B5A-9C4E-08B4E53D253D}"
EndProject
Project("{FAE04EC0-301F-11D3-BF4B-00C04F79EFBC}") = "Uloha22", "Uloha22\Uloha22.csproj", "{86ADA757-E6F7-4129-86DE-4714EA3290D8}"
EndProject
Project("{FAE04EC0-301F-11D3-BF4B-00C04F79EFBC}") = "Uloha23", "Uloha23\Uloha23.csproj", "{6CFCF9FB-A4C6-4C09-882B-B0CCAE117EE1}"
EndProject
Project("{FAE04EC0-301F-11D3-BF4B-00C04F79EFBC}") = "Uloha24", "Uloha24\Uloha24.csproj", "{98BC2593-7DAB-4B18-8A36-16CB84364E68}"
EndProject
Project("{FAE04EC0-301F-11D3-BF4B-00C04F79EFBC}") = "Uloha25", "Uloha25\Uloha25.csproj", "{B5E30420-C5F4-47C8-A7C3-EA6A4220B782}"
EndProject
Project("{FAE04EC0-301F-11D3-BF4B-00C04F79EFBC}") = "Uloha26", "Uloha26\Uloha26.csproj", "{68D283B4-103C-45DE-8752-95ABCB9828B2}"
EndProject
Project("{FAE04EC0-301F-11D3-BF4B-00C04F79EFBC}") = "Uloha27", "Uloha27\Uloha27.csproj", "{9FE742F6-4970-4AC3-AD3E-C2E235995D8E}"
EndProject
Global
	GlobalSection(SolutionConfigurationPlatforms) = preSolution
		Debug|Any CPU = Debug|Any CPU
		Debug|x64 = Debug|x64
		Debug|x86 = Debug|x86
		Release|Any CPU = Release|Any CPU
		Release|x64 = Release|x64
		Release|x86 = Release|x86
	EndGlobalSection
	GlobalSection(ProjectConfigurationPlatforms) = postSolution
		{DCC288FA-43B7-4FA9-B1C4-CF53722ED157}.Debug|Any CPU.ActiveCfg = Debug|Any CPU
		{DCC288FA-43B7-4FA9-B1C4-CF53722ED157}.Debug|Any CPU.Build.0 = Debug|Any CPU
		{DCC288FA-43B7-4FA9-B1C4-CF53722ED157}.Debug|x64.ActiveCfg = Debug|Any CPU
		{DCC288FA-43B7-4FA9-B1C4-CF53722ED157}.Debug|x64.Build.0 = Debug|Any CPU
		{DCC288FA-43B7-4FA9-B1C4-CF53722ED157}.Debug|x86.ActiveCfg = Debug|Any CPU
		{DCC288FA-43B7-4FA9-B1C4-CF53722ED157}.Debug|x86.Build.0 = Debug|Any CPU
		{DCC288FA-43B7-4FA9-B1C4-CF53722ED157}.Release|Any CPU.ActiveCfg = Release|Any CPU
		{DCC288FA-43B7-4FA9-B1C4-CF53722ED157}.Release|Any CPU.Build.0 = Release|Any CPU
		{DCC288FA-43B7-4FA9-B1C4-CF53722ED157}.Release|x64.ActiveCfg = Release|Any CPU
		{DCC288FA-43B7-4FA9-B1C4-CF53722ED157}.Release|x64.Build.0 = Release|Any CPU
		{DCC288FA-43B7-4FA9-B1C4-CF53722ED157}.Release|x86.ActiveCfg = Release|Any CPU
		{DCC288FA-43B7-4FA9-B1C4-CF53722ED157}.Release|x86.Build.0 = Release|Any CPU
		{DBCE56F3-BEE5-45C3-8D62-937145151C13}.Debug|Any CPU.ActiveCfg = Debug|Any CPU
		{DBCE56F3-BEE5-45C3-8D62-937145151C13}.Debug|Any CPU.Build.0 = Debug|Any CPU
		{DBCE56F3-BEE5-45C3-8D62-937145151C13}.Debug|x64.ActiveCfg = Debug|Any CPU
		{DBCE56F3-BEE5-45C3-8D62-937145151C13}.Debug|x64.Build.0 = Debug|Any CPU
		{DBCE56F3-BEE5-45C3-8D62-937145151C13}.Debug|x86.ActiveCfg = Debug|Any CPU
		{DBCE56F3-BEE5-45C3-8D62-937145151C13}.Debug|x86.Build.0 = Debug|Any CPU
		{DBCE56F3-BEE5-45C3-8D62-937145151C13}.Release|Any CPU.ActiveCfg = Release|Any CPU
		{DBCE56F3-BEE5-45C3-8D62-937145151C13}.Release|Any CPU.Build.0 = Release|Any CPU
		{DBCE56F3-BEE5-45C3-8D62-937145151C13}.Release|x64.ActiveCfg = Release|Any CPU
		{DBCE56F3-BEE5-45C3-8D62-937145151C13}.Release|x64.Build.0 = Release|Any CPU
		{DBCE56F3-BEE5-45C3-8D62-937145151C13}.Release|x86.ActiveCfg = Release|Any CPU
		{DBCE56F3-BEE5-45C3-8D62-937145151C13}.Release|x86.Build.0 = Release|Any CPU
		{858522A3-CC59-4FA5-A832-F6DD943687CA}.Debug|Any CPU.ActiveCfg = Debug|Any CPU
		{858522A3-CC59-4FA5-A832-F6DD943687CA}.Debug|Any CPU.Build.0 = Debug|Any CPU
		{858522A3-CC59-4FA5-A832-F6DD943687CA}.Debug|x64.ActiveCfg = Debug|Any CPU
		{858522A3-CC59-4FA5-A832-F6DD943687CA}.Debug|x64.Build.0 = Debug|Any CPU
		{858522A3-CC59-4FA5-A832-F6DD943687CA}.Debug|x86.ActiveCfg = Debug|Any CPU
		{858522A3-CC59-4FA5-A832-F6DD943687CA}.Debug|x86.Build.0 = Debug|Any CPU
		{858522A3-CC59-4FA5-A832-F6DD943687CA}.Release|Any CPU.ActiveCfg = Release|Any CPU
		{858522A3-CC59-4FA5-A832-F6DD943687CA}.Release|Any CPU.Build.0 = Release|Any CPU
		{858522A3-CC59-4FA5-A832-F6DD943687CA}.Release|x64.ActiveCfg = Release|Any CPU
		{858522A3-CC59-4FA5-A832-F6DD943687CA}.Release|x64.Build.0 = Release|Any CPU
		{858522A3-CC59-4FA5-A832-F6DD943687CA}.Release|x86.ActiveCfg = Release|Any CPU
		{858522A3-CC59-4FA5-A832-F6DD943687CA}.Release|x86.Build.0 = Release|Any CPU
		{ACE8B9B2-BFD3-4DA1-8AD0-008CC8CC8FEF}.Debug|Any CPU.ActiveCfg = Debug|Any CPU
		{ACE8B9B2-BFD3-4DA1-8AD0-008CC8CC8FEF}.Debug|Any CPU.Build.0 = Debug|Any CPU
		{ACE8B9B2-BFD3-4DA1-8AD0-008CC8CC8FEF}.Debug|x64.ActiveCfg = Debug|Any CPU
		{ACE8B9B2-BFD3-4DA1-8AD0-008CC8CC8FEF}.Debug|x64.Build.0 = Debug|Any CPU
		{ACE8B9B2-BFD3-4DA1-8AD0-008CC8CC8FEF}.Debug|x86.ActiveCfg = Debug|Any CPU
		{ACE8B9B2-BFD3-4DA1-8AD0-008CC8CC8FEF}.Debug|x86.Build.0 = Debug|Any CPU
		{ACE8B9B2-BFD3-4DA1-8AD0-008CC8CC8FEF}.Release|Any CPU.ActiveCfg = Release|Any CPU
		{ACE8B9B2-BFD3-4DA1-8AD0-008CC8CC8FEF}.Release|Any CPU.Build.0 = Release|Any CPU
		{ACE8B9B2-BFD3-4DA1-8AD0-008CC8CC8FEF}.Release|x64.ActiveCfg = Release|Any CPU
		{ACE8B9B2-BFD3-4DA1-8AD0-008CC8CC8FEF}.Release|x64.Build.0 = Release|Any CPU
		{ACE8B9B2-BFD3-4DA1-8AD0-008CC8CC8FEF}.Release|x86.ActiveCfg = Release|Any CPU
		{ACE8B9B2-BFD3-4DA1-8AD0-008CC8CC8FEF}.Release|x86.Build.0 = Release|Any CPU
		{8556D620-707D-49BE-A903-A8569FD2620B}.Debug|Any CPU.ActiveCfg = Debug|Any CPU
		{8556D620-707D-49BE-A903-A8569FD2620B}.Debug|Any CPU.Build.0 = Debug|Any CPU
		{8556D620-707D-49BE-A903-A8569FD2620B}.Debug|x64.ActiveCfg = Debug|Any CPU
		{8556D620-707D-49BE-A903-A8569FD2620B}.Debug|x64.Build.0 = Debug|Any CPU
		{8556D620-707D-49BE-A903-A8569FD2620B}.Debug|x86.ActiveCfg = Debug|Any CPU
		{8556D620-707D-49BE-A903-A8569FD2620B}.Debug|x86.Build.0 = Debug|Any CPU
		{8556D620-707D-49BE-A903-A8569FD2620B}.Release|Any CPU.ActiveCfg = Release|Any CPU
		{8556D620-707D-49BE-A903-A8569FD2620B}.Release|Any CPU.Build.0 = Release|Any CPU
		{8556D620-707D-49BE-A903-A8569FD2620B}.Release|x64.ActiveCfg = Release|Any CPU
		{8556D620-707D-49BE-A903-A8569FD2620B}.Release|x64.Build.0 = Release|Any CPU
		{8556D620-707D-49BE-A903-A8569FD2620B}.Release|x86.ActiveCfg = Release|Any CPU
		{8556D620-707D-49BE-A903-A8569FD2620B}.Release|x86.Build.0 = Release|Any CPU
		{40F51057-340C-4678-BB70-CFFCDD9A5043}.Debug|Any CPU.ActiveCfg = Debug|Any CPU
		{40F51057-340C-4678-BB70-CFFCDD9A5043}.Debug|Any CPU.Build.0 = Debug|Any CPU
		{40F51057-340C-4678-BB70-CFFCDD9A5043}.Debug|x64.ActiveCfg = Debug|Any CPU
		{40F51057-340C-4678-BB70-CFFCDD9A5043}.Debug|x64.Build.0 = Debug|Any CPU
		{40F51057-340C-4678-BB70-CFFCDD9A5043}.Debug|x86.ActiveCfg = Debug|Any CPU
		{40F51057-340C-4678-BB70-CFFCDD9A5043}.Debug|x86.Build.0 = Debug|Any CPU
		{40F51057-340C-4678-BB70-CFFCDD9A5043}.Release|Any CPU.ActiveCfg = Release|Any CPU
		{40F51057-340C-4678-BB70-CFFCDD9A5043}.Release|Any CPU.Build.0 = Release|Any CPU
		{40F51057-340C-4678-BB70-CFFCDD9A5043}.Release|x64.ActiveCfg = Release|Any CPU
		{40F51057-340C-4678-BB70-CFFCDD9A5043}.Release|x64.Build.0 = Release|Any CPU
		{40F51057-340C-4678-BB70-CFFCDD9A5043}.Release|x86.ActiveCfg = Release|Any CPU
		{40F51057-340C-4678-BB70-CFFCDD9A5043}.Release|x86.Build.0 = Release|Any CPU
		{5E40E881-6E29-4EFF-A634-C64C5012EF1C}.Debug|Any CPU.ActiveCfg = Debug|Any CPU
		{5E40E881-6E29-4EFF-A634-C64C5012EF1C}.Debug|Any CPU.Build.0 = Debug|Any CPU
		{5E40E881-6E29-4EFF-A634-C64C5012EF1C}.Debug|x64.ActiveCfg = Debug|Any CPU
		{5E40E881-6E29-4EFF-A634-C64C5012EF1C}.Debug|x64.Build.0 = Debug|Any CPU
		{5E40E881-6E29-4EFF-A634-C64C5012EF1C}.Debug|x86.ActiveCfg = Debug|Any CPU
		{5E40E881-6E29-4EFF-A634-C64C5012EF1C}.Debug|x86.Build.0 = Debug|Any CPU
		{5E40E881-6E29-4EFF-A634-C64C5012EF1C}.Release|Any CPU.ActiveCfg = Release|Any CPU
		{5E40E881-6E29-4EFF-A634-C64C5012EF1C}.Release|Any CPU.Build.0 = Release|Any CPU
		{5E40E881-6E29-4EFF-A634-C64C5012EF1C}.Release|x64.ActiveCfg = Release|Any CPU
		{5E40E881-6E29-4EFF-A634-C64C5012EF1C}.Release|x64.Build.0 = Release|Any CPU
		{5E40E881-6E29-4EFF-A634-C64C5012EF1C}.Release|x86.ActiveCfg = Release|Any CPU
		{5E40E881-6E29-4EFF-A634-C64C5012EF1C}.Release|x86.Build.0 = Release|Any CPU
		{F3AE73AF-16A5-436D-82C3-72F1770B0E7D}.Debug|Any CPU.ActiveCfg = Debug|Any CPU
		{F3AE73AF-16A5-436D-82C3-72F1770B0E7D}.Debug|Any CPU.Build.0 = Debug|Any CPU
		{F3AE73AF-16A5-436D-82C3-72F1770B0E7D}.Debug|x64.ActiveCfg = Debug|Any CPU
		{F3AE73AF-16A5-436D-82C3-72F1770B0E7D}.Debug|x64.Build.0 = Debug|Any CPU
		{F3AE73AF-16A5-436D-82C3-72F1770B0E7D}.Debug|x86.ActiveCfg = Debug|Any CPU
		{F3AE73AF-16A5-436D-82C3-72F1770B0E7D}.Debug|x86.Build.0 = Debug|Any CPU
		{F3AE73AF-16A5-436D-82C3-72F1770B0E7D}.Release|Any CPU.ActiveCfg = Release|Any CPU
		{F3AE73AF-16A5-436D-82C3-72F1770B0E7D}.Release|Any CPU.Build.0 = Release|Any CPU
		{F3AE73AF-16A5-436D-82C3-72F1770B0E7D}.Release|x64.ActiveCfg = Release|Any CPU
		{F3AE73AF-16A5-436D-82C3-72F1770B0E7D}.Release|x64.Build.0 = Release|Any CPU
		{F3AE73AF-16A5-436D-82C3-72F1770B0E7D}.Release|x86.ActiveCfg = Release|Any CPU
		{F3AE73AF-16A5-436D-82C3-72F1770B0E7D}.Release|x86.Build.0 = Release|Any CPU
		{5DD54393-4D63-4CBF-9844-353F9EC064AC}.Debug|Any CPU.ActiveCfg = Debug|Any CPU
		{5DD54393-4D63-4CBF-9844-353F9EC064AC}.Debug|Any CPU.Build.0 = Debug|Any CPU
		{5DD54393-4D63-4CBF-9844-353F9EC064AC}.Debug|x64.ActiveCfg = Debug|Any CPU
		{5DD54393-4D63-4CBF-9844-353F9EC064AC}.Debug|x64.Build.0 = Debug|Any CPU
		{5DD54393-4D63-4CBF-9844-353F9EC064AC}.Debug|x86.ActiveCfg = Debug|Any CPU
		{5DD54393-4D63-4CBF-9844-353F9EC064AC}.Debug|x86.Build.0 = Debug|Any CPU
		{5DD54393-4D63-4CBF-9844-353F9EC064AC}.Release|Any CPU.ActiveCfg = Release|Any CPU
		{5DD54393-4D63-4CBF-9844-353F9EC064AC}.Release|Any CPU.Build.0 = Release|Any CPU
		{5DD54393-4D63-4CBF-9844-353F9EC064AC}.Release|x64.ActiveCfg = Release|Any CPU
		{5DD54393-4D63-4CBF-9844-353F9EC064AC}.Release|x64.Build.0 = Release|Any CPU
		{5DD54393-4D63-4CBF-9844-353F9EC064AC}.Release|x86.ActiveCfg = Release|Any CPU
		{5DD54393-4D63-4CBF-9844-353F9EC064AC}.Release|x86.Build.0 = Release|Any CPU
		{FB2FAA10-14DA-4960-AFCF-39E5406E4157}.Debug|Any CPU.ActiveCfg = Debug|Any CPU
		{FB2FAA10-14DA-4960-AFCF-39E5406E4157}.Debug|Any CPU.Build.0 = Debug|Any CPU
		{FB2FAA10-14DA-4960-AFCF-39E5406E4157}.Debug|x64.ActiveCfg = Debug|Any CPU
		{FB2FAA10-14DA-4960-AFCF-39E5406E4157}.Debug|x64.Build.0 = Debug|Any CPU
		{FB2FAA10-14DA-4960-AFCF-39E5406E4157}.Debug|x86.ActiveCfg = Debug|Any CPU
		{FB2FAA10-14DA-4960-AFCF-39E5406E4157}.Debug|x86.Build.0 = Debug|Any CPU
		{FB2FAA10-14DA-4960-AFCF-39E5406E4157}.Release|Any CPU.ActiveCfg = Release|Any CPU
		{FB2FAA10-14DA-4960-AFCF-39E5406E4157}.Release|Any CPU.Build.0 = Release|Any CPU
		{FB2FAA10-14DA-4960-AFCF-39E5406E4157}.Release|x64.ActiveCfg = Release|Any CPU
		{FB2FAA10-14DA-4960-AFCF-39E5406E4157}.Release|x64.Build.0 = Release|Any CPU
		{FB2FAA10-14DA-4960-AFCF-39E5406E4157}.Release|x86.ActiveCfg = Release|Any CPU
		{FB2FAA10-14DA-4960-AFCF-39E5406E4157}.Release|x86.Build.0 = Release|Any CPU
		{0D45B065-1C63-4251-9A1E-54ED577A084B}.Debug|Any CPU.ActiveCfg = Debug|Any CPU
		{0D45B065-1C63-4251-9A1E-54ED577A084B}.Debug|Any CPU.Build.0 = Debug|Any CPU
		{0D45B065-1C63-4251-9A1E-54ED577A084B}.Debug|x64.ActiveCfg = Debug|Any CPU
		{0D45B065-1C63-4251-9A1E-54ED577A084B}.Debug|x64.Build.0 = Debug|Any CPU
		{0D45B065-1C63-4251-9A1E-54ED577A084B}.Debug|x86.ActiveCfg = Debug|Any CPU
		{0D45B065-1C63-4251-9A1E-54ED577A084B}.Debug|x86.Build.0 = Debug|Any CPU
		{0D45B065-1C63-4251-9A1E-54ED577A084B}.Release|Any CPU.ActiveCfg = Release|Any CPU
		{0D45B065-1C63-4251-9A1E-54ED577A084B}.Release|Any CPU.Build.0 = Release|Any CPU
		{0D45B065-1C63-4251-9A1E-54ED577A084B}.Release|x64.ActiveCfg = Release|Any CPU
		{0D45B065-1C63-4251-9A1E-54ED577A084B}.Release|x64.Build.0 = Release|Any CPU
		{0D45B065-1C63-4251-9A1E-54ED577A084B}.Release|x86.ActiveCfg = Release|Any CPU
		{0D45B065-1C63-4251-9A1E-54ED577A084B}.Release|x86.Build.0 = Release|Any CPU
		{24F7AACF-E855-4980-A6BB-A54AD4E090CE}.Debug|Any CPU.ActiveCfg = Debug|Any CPU
		{24F7AACF-E855-4980-A6BB-A54AD4E090CE}.Debug|Any CPU.Build.0 = Debug|Any CPU
		{24F7AACF-E855-4980-A6BB-A54AD4E090CE}.Debug|x64.ActiveCfg = Debug|Any CPU
		{24F7AACF-E855-4980-A6BB-A54AD4E090CE}.Debug|x64.Build.0 = Debug|Any CPU
		{24F7AACF-E855-4980-A6BB-A54AD4E090CE}.Debug|x86.ActiveCfg = Debug|Any CPU
		{24F7AACF-E855-4980-A6BB-A54AD4E090CE}.Debug|x86.Build.0 = Debug|Any CPU
		{24F7AACF-E855-4980-A6BB-A54AD4E090CE}.Release|Any CPU.ActiveCfg = Release|Any CPU
		{24F7AACF-E855-4980-A6BB-A54AD4E090CE}.Release|Any CPU.Build.0 = Release|Any CPU
		{24F7AACF-E855-4980-A6BB-A54AD4E090CE}.Release|x64.ActiveCfg = Release|Any CPU
		{24F7AACF-E855-4980-A6BB-A54AD4E090CE}.Release|x64.Build.0 = Release|Any CPU
		{24F7AACF-E855-4980-A6BB-A54AD4E090CE}.Release|x86.ActiveCfg = Release|Any CPU
		{24F7AACF-E855-4980-A6BB-A54AD4E090CE}.Release|x86.Build.0 = Release|Any CPU
		{40ACEF9D-FE40-46C3-8842-1E35FA3668A2}.Debug|Any CPU.ActiveCfg = Debug|Any CPU
		{40ACEF9D-FE40-46C3-8842-1E35FA3668A2}.Debug|Any CPU.Build.0 = Debug|Any CPU
		{40ACEF9D-FE40-46C3-8842-1E35FA3668A2}.Debug|x64.ActiveCfg = Debug|Any CPU
		{40ACEF9D-FE40-46C3-8842-1E35FA3668A2}.Debug|x64.Build.0 = Debug|Any CPU
		{40ACEF9D-FE40-46C3-8842-1E35FA3668A2}.Debug|x86.ActiveCfg = Debug|Any CPU
		{40ACEF9D-FE40-46C3-8842-1E35FA3668A2}.Debug|x86.Build.0 = Debug|Any CPU
		{40ACEF9D-FE40-46C3-8842-1E35FA3668A2}.Release|Any CPU.ActiveCfg = Release|Any CPU
		{40ACEF9D-FE40-46C3-8842-1E35FA3668A2}.Release|Any CPU.Build.0 = Release|Any CPU
		{40ACEF9D-FE40-46C3-8842-1E35FA3668A2}.Release|x64.ActiveCfg = Release|Any CPU
		{40ACEF9D-FE40-46C3-8842-1E35FA3668A2}.Release|x64.Build.0 = Release|Any CPU
		{40ACEF9D-FE40-46C3-8842-1E35FA3668A2}.Release|x86.ActiveCfg = Release|Any CPU
		{40ACEF9D-FE40-46C3-8842-1E35FA3668A2}.Release|x86.Build.0 = Release|Any CPU
		{AF2D83A2-6587-4657-808E-DFDD0BEA0944}.Debug|Any CPU.ActiveCfg = Debug|Any CPU
		{AF2D83A2-6587-4657-808E-DFDD0BEA0944}.Debug|Any CPU.Build.0 = Debug|Any CPU
		{AF2D83A2-6587-4657-808E-DFDD0BEA0944}.Debug|x64.ActiveCfg = Debug|Any CPU
		{AF2D83A2-6587-4657-808E-DFDD0BEA0944}.Debug|x64.Build.0 = Debug|Any CPU
		{AF2D83A2-6587-4657-808E-DFDD0BEA0944}.Debug|x86.ActiveCfg = Debug|Any CPU
		{AF2D83A2-6587-4657-808E-DFDD0BEA0944}.Debug|x86.Build.0 = Debug|Any CPU
		{AF2D83A2-6587-4657-808E-DFDD0BEA0944}.Release|Any CPU.ActiveCfg = Release|Any CPU
		{AF2D83A2-6587-4657-808E-DFDD0BEA0944}.Release|Any CPU.Build.0 = Release|Any CPU
		{AF2D83A2-6587-4657-808E-DFDD0BEA0944}.Release|x64.ActiveCfg = Release|Any CPU
		{AF2D83A2-6587-4657-808E-DFDD0BEA0944}.Release|x64.Build.0 = Release|Any CPU
		{AF2D83A2-6587-4657-808E-DFDD0BEA0944}.Release|x86.ActiveCfg = Release|Any CPU
		{AF2D83A2-6587-4657-808E-DFDD0BEA0944}.Release|x86.Build.0 = Release|Any CPU
		{EEE3A9E6-9FFE-46C3-9097-59E402D65DB0}.Debug|Any CPU.ActiveCfg = Debug|Any CPU
		{EEE3A9E6-9FFE-46C3-9097-59E402D65DB0}.Debug|Any CPU.Build.0 = Debug|Any CPU
		{EEE3A9E6-9FFE-46C3-9097-59E402D65DB0}.Debug|x64.ActiveCfg = Debug|Any CPU
		{EEE3A9E6-9FFE-46C3-9097-59E402D65DB0}.Debug|x64.Build.0 = Debug|Any CPU
		{EEE3A9E6-9FFE-46C3-9097-59E402D65DB0}.Debug|x86.ActiveCfg = Debug|Any CPU
		{EEE3A9E6-9FFE-46C3-9097-59E402D65DB0}.Debug|x86.Build.0 = Debug|Any CPU
		{EEE3A9E6-9FFE-46C3-9097-59E402D65DB0}.Release|Any CPU.ActiveCfg = Release|Any CPU
		{EEE3A9E6-9FFE-46C3-9097-59E402D65DB0}.Release|Any CPU.Build.0 = Release|Any CPU
		{EEE3A9E6-9FFE-46C3-9097-59E402D65DB0}.Release|x64.ActiveCfg = Release|Any CPU
		{EEE3A9E6-9FFE-46C3-9097-59E402D65DB0}.Release|x64.Build.0 = Release|Any CPU
		{EEE3A9E6-9FFE-46C3-9097-59E402D65DB0}.Release|x86.ActiveCfg = Release|Any CPU
		{EEE3A9E6-9FFE-46C3-9097-59E402D65DB0}.Release|x86.Build.0 = Release|Any CPU
		{D90EA731-85E9-4EFF-BD60-3C1C60CBAD70}.Debug|Any CPU.ActiveCfg = Debug|Any CPU
		{D90EA731-85E9-4EFF-BD60-3C1C60CBAD70}.Debug|Any CPU.Build.0 = Debug|Any CPU
		{D90EA731-85E9-4EFF-BD60-3C1C60CBAD70}.Debug|x64.ActiveCfg = Debug|Any CPU
		{D90EA731-85E9-4EFF-BD60-3C1C60CBAD70}.Debug|x64.Build.0 = Debug|Any CPU
		{D90EA731-85E9-4EFF-BD60-3C1C60CBAD70}.Debug|x86.ActiveCfg = Debug|Any CPU
		{D90EA731-85E9-4EFF-BD60-3C1C60CBAD70}.Debug|x86.Build.0 = Debug|Any CPU
		{D90EA731-85E9-4EFF-BD60-3C1C60CBAD70}.Release|Any CPU.ActiveCfg = Release|Any CPU
		{D90EA731-85E9-4EFF-BD60-3C1C60CBAD70}.Release|Any CPU.Build.0 = Release|Any CPU
		{D90EA731-85E9-4EFF-BD60-3C1C60CBAD70}.Release|x64.ActiveCfg = Release|Any CPU
		{D90EA731-85E9-4EFF-BD60-3C1C60CBAD70}.Release|x64.Build.0 = Release|Any CPU
		{D90EA731-85E9-4EFF-BD60-3C1C60CBAD70}.Release|x86.ActiveCfg = Release|Any CPU
		{D90EA731-85E9-4EFF-BD60-3C1C60CBAD70}.Release|x86.Build.0 = Release|Any CPU
		{3C3CD06F-3EB7-427E-BF22-1C64DF3C5D7A}.Debug|Any CPU.ActiveCfg = Debug|Any CPU
		{3C3CD06F-3EB7-427E-BF22-1C64DF3C5D7A}.Debug|Any CPU.Build.0 = Debug|Any CPU
		{3C3CD06F-3EB7-427E-BF22-1C64DF3C5D7A}.Debug|x64.ActiveCfg = Debug|Any CPU
		{3C3CD06F-3EB7-427E-BF22-1C64DF3C5D7A}.Debug|x64.Build.0 = Debug|Any CPU
		{3C3CD06F-3EB7-427E-BF22-1C64DF3C5D7A}.Debug|x86.ActiveCfg = Debug|Any CPU
		{3C3CD06F-3EB7-427E-BF22-1C64DF3C5D7A}.Debug|x86.Build.0 = Debug|Any CPU
		{3C3CD06F-3EB7-427E-BF22-1C64DF3C5D7A}.Release|Any CPU.ActiveCfg = Release|Any CPU
		{3C3CD06F-3EB7-427E-BF22-1C64DF3C5D7A}.Release|Any CPU.Build.0 = Release|Any CPU
		{3C3CD06F-3EB7-427E-BF22-1C64DF3C5D7A}.Release|x64.ActiveCfg = Release|Any CPU
		{3C3CD06F-3EB7-427E-BF22-1C64DF3C5D7A}.Release|x64.Build.0 = Release|Any CPU
		{3C3CD06F-3EB7-427E-BF22-1C64DF3C5D7A}.Release|x86.ActiveCfg = Release|Any CPU
		{3C3CD06F-3EB7-427E-BF22-1C64DF3C5D7A}.Release|x86.Build.0 = Release|Any CPU
		{7E9B4369-5967-4B0C-BA2D-3BBBCC2599E7}.Debug|Any CPU.ActiveCfg = Debug|Any CPU
		{7E9B4369-5967-4B0C-BA2D-3BBBCC2599E7}.Debug|Any CPU.Build.0 = Debug|Any CPU
		{7E9B4369-5967-4B0C-BA2D-3BBBCC2599E7}.Debug|x64.ActiveCfg = Debug|Any CPU
		{7E9B4369-5967-4B0C-BA2D-3BBBCC2599E7}.Debug|x64.Build.0 = Debug|Any CPU
		{7E9B4369-5967-4B0C-BA2D-3BBBCC2599E7}.Debug|x86.ActiveCfg = Debug|Any CPU
		{7E9B4369-5967-4B0C-BA2D-3BBBCC2599E7}.Debug|x86.Build.0 = Debug|Any CPU
		{7E9B4369-5967-4B0C-BA2D-3BBBCC2599E7}.Release|Any CPU.ActiveCfg = Release|Any CPU
		{7E9B4369-5967-4B0C-BA2D-3BBBCC2599E7}.Release|Any CPU.Build.0 = Release|Any CPU
		{7E9B4369-5967-4B0C-BA2D-3BBBCC2599E7}.Release|x64.ActiveCfg = Release|Any CPU
		{7E9B4369-5967-4B0C-BA2D-3BBBCC2599E7}.Release|x64.Build.0 = Release|Any CPU
		{7E9B4369-5967-4B0C-BA2D-3BBBCC2599E7}.Release|x86.ActiveCfg = Release|Any CPU
		{7E9B4369-5967-4B0C-BA2D-3BBBCC2599E7}.Release|x86.Build.0 = Release|Any CPU
		{CCB63140-EF6D-454A-8FA8-1EDDB37C0441}.Debug|Any CPU.ActiveCfg = Debug|Any CPU
		{CCB63140-EF6D-454A-8FA8-1EDDB37C0441}.Debug|Any CPU.Build.0 = Debug|Any CPU
		{CCB63140-EF6D-454A-8FA8-1EDDB37C0441}.Debug|x64.ActiveCfg = Debug|Any CPU
		{CCB63140-EF6D-454A-8FA8-1EDDB37C0441}.Debug|x64.Build.0 = Debug|Any CPU
		{CCB63140-EF6D-454A-8FA8-1EDDB37C0441}.Debug|x86.ActiveCfg = Debug|Any CPU
		{CCB63140-EF6D-454A-8FA8-1EDDB37C0441}.Debug|x86.Build.0 = Debug|Any CPU
		{CCB63140-EF6D-454A-8FA8-1EDDB37C0441}.Release|Any CPU.ActiveCfg = Release|Any CPU
		{CCB63140-EF6D-454A-8FA8-1EDDB37C0441}.Release|Any CPU.Build.0 = Release|Any CPU
		{CCB63140-EF6D-454A-8FA8-1EDDB37C0441}.Release|x64.ActiveCfg = Release|Any CPU
		{CCB63140-EF6D-454A-8FA8-1EDDB37C0441}.Release|x64.Build.0 = Release|Any CPU
		{CCB63140-EF6D-454A-8FA8-1EDDB37C0441}.Release|x86.ActiveCfg = Release|Any CPU
		{CCB63140-EF6D-454A-8FA8-1EDDB37C0441}.Release|x86.Build.0 = Release|Any CPU
		{596A19B8-745E-4BAC-95B1-A1F4179D3E36}.Debug|Any CPU.ActiveCfg = Debug|Any CPU
		{596A19B8-745E-4BAC-95B1-A1F4179D3E36}.Debug|Any CPU.Build.0 = Debug|Any CPU
		{596A19B8-745E-4BAC-95B1-A1F4179D3E36}.Debug|x64.ActiveCfg = Debug|Any CPU
		{596A19B8-745E-4BAC-95B1-A1F4179D3E36}.Debug|x64.Build.0 = Debug|Any CPU
		{596A19B8-745E-4BAC-95B1-A1F4179D3E36}.Debug|x86.ActiveCfg = Debug|Any CPU
		{596A19B8-745E-4BAC-95B1-A1F4179D3E36}.Debug|x86.Build.0 = Debug|Any CPU
		{596A19B8-745E-4BAC-95B1-A1F4179D3E36}.Release|Any CPU.ActiveCfg = Release|Any CPU
		{596A19B8-745E-4BAC-95B1-A1F4179D3E36}.Release|Any CPU.Build.0 = Release|Any CPU
		{596A19B8-745E-4BAC-95B1-A1F4179D3E36}.Release|x64.ActiveCfg = Release|Any CPU
		{596A19B8-745E-4BAC-95B1-A1F4179D3E36}.Release|x64.Build.0 = Release|Any CPU
		{596A19B8-745E-4BAC-95B1-A1F4179D3E36}.Release|x86.ActiveCfg = Release|Any CPU
		{596A19B8-745E-4BAC-95B1-A1F4179D3E36}.Release|x86.Build.0 = Release|Any CPU
		{EFBF0E0C-96FA-4B5A-9C4E-08B4E53D253D}.Debug|Any CPU.ActiveCfg = Debug|Any CPU
		{EFBF0E0C-96FA-4B5A-9C4E-08B4E53D253D}.Debug|Any CPU.Build.0 = Debug|Any CPU
		{EFBF0E0C-96FA-4B5A-9C4E-08B4E53D253D}.Debug|x64.ActiveCfg = Debug|Any CPU
		{EFBF0E0C-96FA-4B5A-9C4E-08B4E53D253D}.Debug|x64.Build.0 = Debug|Any CPU
		{EFBF0E0C-96FA-4B5A-9C4E-08B4E53D253D}.Debug|x86.ActiveCfg = Debug|Any CPU
		{EFBF0E0C-96FA-4B5A-9C4E-08B4E53D253D}.Debug|x86.Build.0 = Debug|Any CPU
		{EFBF0E0C-96FA-4B5A-9C4E-08B4E53D253D}.Release|Any CPU.ActiveCfg = Release|Any CPU
		{EFBF0E0C-96FA-4B5A-9C4E-08B4E53D253D}.Release|Any CPU.Build.0 = Release|Any CPU
		{EFBF0E0C-96FA-4B5A-9C4E-08B4E53D253D}.Release|x64.ActiveCfg = Release|Any CPU
		{EFBF0E0C-96FA-4B5A-9C4E-08B4E53D253D}.Release|x64.Build.0 = Release|Any CPU
		{EFBF0E0C-96FA-4B5A-9C4E-08B4E53D253D}.Release|x86.ActiveCfg = Release|Any CPU
		{EFBF0E0C-96FA-4B5A-9C4E-08B4E53D253D}.Release|x86.Build.0 = Release|Any CPU
		{86ADA757-E6F7-4129-86DE-4714EA3290D8}.Debug|Any CPU.ActiveCfg = Debug|Any CPU
		{86ADA757-E6F7-4129-86DE-4714EA3290D8}.Debug|Any CPU.Build.0 = Debug|Any CPU
		{86ADA757-E6F7-4129-86DE-4714EA3290D8}.Debug|x64.ActiveCfg = Debug|Any CPU
		{86ADA757-E6F7-4129-86DE-4714EA3290D8}.Debug|x64.Build.0 = Debug|Any CPU
		{86ADA757-E6F7-4129-86DE-4714EA3290D8}.Debug|x86.ActiveCfg = Debug|Any CPU
		{86ADA757-E6F7-4129-86DE-4714EA3290D8}.Debug|x86.Build.0 = Debug|Any CPU
		{86ADA757-E6F7-4129-86DE-4714EA3290D8}.Release|Any CPU.ActiveCfg = Release|Any CPU
		{86ADA757-E6F7-4129-86DE-4714EA3290D8}.Release|Any CPU.Build.0 = Release|Any CPU
		{86ADA757-E6F7-4129-86DE-4714EA3290D8}.Release|x64.ActiveCfg = Release|Any CPU
		{86ADA757-E6F7-4129-86DE-4714EA3290D8}.Release|x64.Build.0 = Release|Any CPU
		{86ADA757-E6F7-4129-86DE-4714EA3290D8}.Release|x86.ActiveCfg = Release|Any CPU
		{86ADA757-E6F7-4129-86DE-4714EA3290D8}.Release|x86.Build.0 = Release|Any CPU
		{6CFCF9FB-A4C6-4C09-882B-B0CCAE117EE1}.Debug|Any CPU.ActiveCfg = Debug|Any CPU
		{6CFCF9FB-A4C6-4C09-882B-B0CCAE117EE1}.Debug|Any CPU.Build.0 = Debug|Any CPU
		{6CFCF9FB-A4C6-4C09-882B-B0CCAE117EE1}.Debug|x64.ActiveCfg = Debug|Any CPU
		{6CFCF9FB-A4C6-4C09-882B-B0CCAE117EE1}.Debug|x64.Build.0 = Debug|Any CPU
		{6CFCF9FB-A4C6-4C09-882B-B0CCAE117EE1}.Debug|x86.ActiveCfg = Debug|Any CPU
		{6CFCF9FB-A4C6-4C09-882B-B0CCAE117EE1}.Debug|x86.Build.0 = Debug|Any CPU
		{6CFCF9FB-A4C6-4C09-882B-B0CCAE117EE1}.Release|Any CPU.ActiveCfg = Release|Any CPU
		{6CFCF9FB-A4C6-4C09-882B-B0CCAE117EE1}.Release|Any CPU.Build.0 = Release|Any CPU
		{6CFCF9FB-A4C6-4C09-882B-B0CCAE117EE1}.Release|x64.ActiveCfg = Release|Any CPU
		{6CFCF9FB-A4C6-4C09-882B-B0CCAE117EE1}.Release|x64.Build.0 = Release|Any CPU
		{6CFCF9FB-A4C6-4C09-882B-B0CCAE117EE1}.Release|x86.ActiveCfg = Release|Any CPU
		{6CFCF9FB-A4C6-4C09-882B-B0CCAE117EE1}.Release|x86.Build.0 = Release|Any CPU
		{98BC2593-7DAB-4B18-8A36-16CB84364E68}.Debug|Any CPU.ActiveCfg = Debug|Any CPU
		{98BC2593-7DAB-4B18-8A36-16CB84364E68}.Debug|Any CPU.Build.0 = Debug|Any CPU
		{98BC2593-7DAB-4B18-8A36-16CB84364E68}.Debug|x64.ActiveCfg = Debug|Any CPU
		{98BC2593-7DAB-4B18-8A36-16CB84364E68}.Debug|x64.Build.0 = Debug|Any CPU
		{98BC2593-7DAB-4B18-8A36-16CB84364E68}.Debug|x86.ActiveCfg = Debug|Any CPU
		{98BC2593-7DAB-4B18-8A36-16CB84364E68}.Debug|x86.Build.0 = Debug|Any CPU
		{98BC2593-7DAB-4B18-8A36-16CB84364E68}.Release|Any CPU.ActiveCfg = Release|Any CPU
		{98BC2593-7DAB-4B18-8A36-16CB84364E68}.Release|Any CPU.Build.0 = Release|Any CPU
		{98BC2593-7DAB-4B18-8A36-16CB84364E68}.Release|x64.ActiveCfg = Release|Any CPU
		{98BC2593-7DAB-4B18-8A36-16CB84364E68}.Release|x64.Build.0 = Release|Any CPU
		{98BC2593-7DAB-4B18-8A36-16CB84364E68}.Release|x86.ActiveCfg = Release|Any CPU
		{98BC2593-7DAB-4B18-8A36-16CB84364E68}.Release|x86.Build.0 = Release|Any CPU
		{B5E30420-C5F4-47C8-A7C3-EA6A4220B782}.Debug|Any CPU.ActiveCfg = Debug|Any CPU
		{B5E30420-C5F4-47C8-A7C3-EA6A4220B782}.Debug|Any CPU.Build.0 = Debug|Any CPU
		{B5E30420-C5F4-47C8-A7C3-EA6A4220B782}.Debug|x64.ActiveCfg = Debug|Any CPU
		{B5E30420-C5F4-47C8-A7C3-EA6A4220B782}.Debug|x64.Build.0 = Debug|Any CPU
		{B5E30420-C5F4-47C8-A7C3-EA6A4220B782}.Debug|x86.ActiveCfg = Debug|Any CPU
		{B5E30420-C5F4-47C8-A7C3-EA6A4220B782}.Debug|x86.Build.0 = Debug|Any CPU
		{B5E30420-C5F4-47C8-A7C3-EA6A4220B782}.Release|Any CPU.ActiveCfg = Release|Any CPU
		{B5E30420-C5F4-47C8-A7C3-EA6A4220B782}.Release|Any CPU.Build.0 = Release|Any CPU
		{B5E30420-C5F4-47C8-A7C3-EA6A4220B782}.Release|x64.ActiveCfg = Release|Any CPU
		{B5E30420-C5F4-47C8-A7C3-EA6A4220B782}.Release|x64.Build.0 = Release|Any CPU
		{B5E30420-C5F4-47C8-A7C3-EA6A4220B782}.Release|x86.ActiveCfg = Release|Any CPU
		{B5E30420-C5F4-47C8-A7C3-EA6A4220B782}.Release|x86.Build.0 = Release|Any CPU
		{68D283B4-103C-45DE-8752-95ABCB9828B2}.Debug|Any CPU.ActiveCfg = Debug|Any CPU
		{68D283B4-103C-45DE-8752-95ABCB9828B2}.Debug|Any CPU.Build.0 = Debug|Any CPU
		{68D283B4-103C-45DE-8752-95ABCB9828B2}.Debug|x64.ActiveCfg = Debug|Any CPU
		{68D283B4-103C-45DE-8752-95ABCB9828B2}.Debug|x64.Build.0 = Debug|Any CPU
		{68D283B4-103C-45DE-8752-95ABCB9828B2}.Debug|x86.ActiveCfg = Debug|Any CPU
		{68D283B4-103C-45DE-8752-95ABCB9828B2}.Debug|x86.Build.0 = Debug|Any CPU
		{68D283B4-103C-45DE-8752-95ABCB9828B2}.Release|Any CPU.ActiveCfg = Release|Any CPU
		{68D283B4-103C-45DE-8752-95ABCB9828B2}.Release|Any CPU.Build.0 = Release|Any CPU
		{68D283B4-103C-45DE-8752-95ABCB9828B2}.Release|x64.ActiveCfg = Release|Any CPU
		{68D283B4-103C-45DE-8752-95ABCB9828B2}.Release|x64.Build.0 = Release|Any CPU
		{68D283B4-103C-45DE-8752-95ABCB9828B2}.Release|x86.ActiveCfg = Release|Any CPU
		{68D283B4-103C-45DE-8752-95ABCB9828B2}.Release|x86.Build.0 = Release|Any CPU
		{9FE742F6-4970-4AC3-AD3E-C2E235995D8E}.Debug|Any CPU.ActiveCfg = Debug|Any CPU
		{9FE742F6-4970-4AC3-AD3E-C2E235995D8E}.Debug|Any CPU.Build.0 = Debug|Any CPU
		{9FE742F6-4970-4AC3-AD3E-C2E235995D8E}.Debug|x64.ActiveCfg = Debug|Any CPU
		{9FE742F6-4970-4AC3-AD3E-C2E235995D8E}.Debug|x64.Build.0 = Debug|Any CPU
		{9FE742F6-4970-4AC3-AD3E-C2E235995D8E}.Debug|x86.ActiveCfg = Debug|Any CPU
		{9FE742F6-4970-4AC3-AD3E-C2E235995D8E}.Debug|x86.Build.0 = Debug|Any CPU
		{9FE742F6-4970-4AC3-AD3E-C2E235995D8E}.Release|Any CPU.ActiveCfg = Release|Any CPU
		{9FE742F6-4970-4AC3-AD3E-C2E235995D8E}.Release|Any CPU.Build.0 = Release|Any CPU
		{9FE742F6-4970-4AC3-AD3E-C2E235995D8E}.Release|x64.ActiveCfg = Release|Any CPU
		{9FE742F6-4970-4AC3-AD3E-C2E235995D8E}.Release|x64.Build.0 = Release|Any CPU
		{9FE742F6-4970-4AC3-AD3E-C2E235995D8E}.Release|x86.ActiveCfg = Release|Any CPU
		{9FE742F6-4970-4AC3-AD3E-C2E235995D8E}.Release|x86.Build.0 = Release|Any CPU
	EndGlobalSection
	GlobalSection(SolutionProperties) = preSolution
		HideSolutionNode = FALSE
	EndGlobalSection
EndGlobal
